
Microsoft Visual Studio Solution File, Format Version 12.00
# Visual Studio Version 16
VisualStudioVersion = 16.0.30523.141
MinimumVisualStudioVersion = 10.0.40219.1
Project("{FAE04EC0-301F-11D3-BF4B-00C04F79EFBC}") = "InClassAssignment5", "InClassAssignment5\InClassAssignment5.csproj", "{3582F9C0-BA8C-4D40-8E43-046AC33CCCED}"
EndProject
Global
	GlobalSection(SolutionConfigurationPlatforms) = preSolution
		Debug|Any CPU = Debug|Any CPU
		Release|Any CPU = Release|Any CPU
	EndGlobalSection
	GlobalSection(ProjectConfigurationPlatforms) = postSolution
		{3582F9C0-BA8C-4D40-8E43-046AC33CCCED}.Debug|Any CPU.ActiveCfg = Debug|Any CPU
		{3582F9C0-BA8C-4D40-8E43-046AC33CCCED}.Debug|Any CPU.Build.0 = Debug|Any CPU
		{3582F9C0-BA8C-4D40-8E43-046AC33CCCED}.Release|Any CPU.ActiveCfg = Release|Any CPU
		{3582F9C0-BA8C-4D40-8E43-046AC33CCCED}.Release|Any CPU.Build.0 = Release|Any CPU
	EndGlobalSection
	GlobalSection(SolutionProperties) = preSolution
		HideSolutionNode = FALSE
	EndGlobalSection
	GlobalSection(ExtensibilityGlobals) = postSolution
		SolutionGuid = {9786DE6D-B6F9-499F-95CE-2685434F8023}
	EndGlobalSection
EndGlobal
